{
  "name": "midiate",
  "version": "0.0.3",
  "lockfileVersion": 1,
  "requires": true,
  "dependencies": {
    "midi-player-js": {
      "version": "2.0.3",
      "resolved": "https://registry.npmjs.org/midi-player-js/-/midi-player-js-2.0.3.tgz",
      "integrity": "sha512-0YaQUevUHsGigdMlhf6ZrzPqkIufmj6PQ8GYiQTUpqMTzOkNcrnvPnas3ARNAmCHHrJWZo2BwkU0gq2VBjUgyQ=="
    },
    "typescript": {
      "version": "2.8.1",
      "resolved": "https://registry.npmjs.org/typescript/-/typescript-2.8.1.tgz",
      "integrity": "sha512-Ao/f6d/4EPLq0YwzsQz8iXflezpTkQzqAyenTiw4kCUGr1uPiFLC3+fZ+gMZz6eeI/qdRUqvC+HxIJzUAzEFdg==",
      "dev": true
    }
  }
}
